{
  "name": "EDU",
  "lockfileVersion": 3,
  "requires": true,
  "packages": {
    "": {
      "dependencies": {
        "@prisma/client": "^5.16.2",
        "mariadb": "^3.5.2",
        "prisma": "^5.16.2"
      },
      "devDependencies": {
        "@prisma/adapter-mariadb": "^7.8.0"
      }
    },
    "node_modules/@prisma/adapter-mariadb": {
      "version": "7.8.0",
      "resolved": "https://registry.npmjs.org/@prisma/adapter-mariadb/-/adapter-mariadb-7.8.0.tgz",
      "integrity": "sha512-mWsgcfbUjxB3qSzRlLs8E03vsKrqXzYK2zpx3e8u6wIgeHJM/sE46cuOGcYvHiZGmeQLCd3xL6YSSGM9QOLI6w==",
      "dev": true,
      "license": "Apache-2.0",
      "dependencies": {
        "@prisma/driver-adapter-utils": "7.8.0",
        "mariadb": "3.4.5"
      }
    },
    "node_modules/@prisma/adapter-mariadb/node_modules/iconv-lite": {
      "version": "0.6.3",
      "resolved": "https://registry.npmjs.org/iconv-lite/-/iconv-lite-0.6.3.tgz",
      "integrity": "sha512-4fCk79wshMdzMp2rH06qWrJE4iolqLhCUH+OiuIgU++RB0+94NlDL81atO7GX55uUKueo0txHNtvEyI6D7WdMw==",
      "dev": true,
      "license": "MIT",
      "dependencies": {
        "safer-buffer": ">= 2.1.2 < 3.0.0"
      },
      "engines": {
        "node": ">=0.10.0"
      }
    },
    "node_modules/@prisma/adapter-mariadb/node_modules/mariadb": {
      "version": "3.4.5",
      "resolved": "https://registry.npmjs.org/mariadb/-/mariadb-3.4.5.tgz",
      "integrity": "sha512-gThTYkhIS5rRqkVr+Y0cIdzr+GRqJ9sA2Q34e0yzmyhMCwyApf3OKAC1jnF23aSlIOqJuyaUFUcj7O1qZslmmQ==",
      "dev": true,
      "license": "LGPL-2.1-or-later",
      "dependencies": {
        "@types/geojson": "^7946.0.16",
        "@types/node": "^24.0.13",
        "denque": "^2.1.0",
        "iconv-lite": "^0.6.3",
        "lru-cache": "^10.4.3"
      },
      "engines": {
        "node": ">= 14"
      }
    },
    "node_modules/@prisma/client": {
      "version": "5.16.2",
      "resolved": "https://registry.npmjs.org/@prisma/client/-/client-5.16.2.tgz",
      "integrity": "sha512-+1lmkhR9gHWcTC5oghm2ZKpWljyWdzfazCVlLKUWXVmwHSf52g81aZ8qb6Km5Bs025yBi7puLp3qSLEvktoUtw==",
      "hasInstallScript": true,
      "license": "Apache-2.0",
      "engines": {
        "node": ">=16.13"
      },
      "peerDependencies": {
        "prisma": "*"
      },
      "peerDependenciesMeta": {
        "prisma": {
          "optional": true
        }
      }
    },
    "node_modules/@prisma/debug": {
      "version": "7.8.0",
      "resolved": "https://registry.npmjs.org/@prisma/debug/-/debug-7.8.0.tgz",
      "integrity": "sha512-p+QZReysDUqXC+mk17q9a+Y/qzh4c2KYliDK30buYUyfrGeTGSyfmc0AIrJRhZJrLHhRiJa9Au/J72h3C+szvA==",
      "dev": true,
      "license": "Apache-2.0"
    },
    "node_modules/@prisma/driver-adapter-utils": {
      "version": "7.8.0",
      "resolved": "https://registry.npmjs.org/@prisma/driver-adapter-utils/-/driver-adapter-utils-7.8.0.tgz",
      "integrity": "sha512-/Q13o0ZT0rjc1Xk0Q9KhZYwuq2EW/vSbWUBKfgEKkaCuB/Sg6bqnjmTZqC5cD4d6y1vfFAEwBRzfzoSMIVJ55A==",
      "dev": true,
      "license": "Apache-2.0",
      "dependencies": {
        "@prisma/debug": "7.8.0"
      }
    },
    "node_modules/@prisma/engines": {
      "version": "5.16.2",
      "resolved": "https://registry.npmjs.org/@prisma/engines/-/engines-5.16.2.tgz",
      "integrity": "sha512-qUxwMtrwoG3byd4PbX6T7EjHJ8AUhzTuwniOGkh/hIznBfcE2QQnGakyEq4VnwNuttMqvh/GgPFapHQ3lCuRHg==",
      "hasInstallScript": true,
      "license": "Apache-2.0",
      "dependencies": {
        "@prisma/debug": "5.16.2",
        "@prisma/engines-version": "5.16.0-24.34ace0eb2704183d2c05b60b52fba5c43c13f303",
        "@prisma/fetch-engine": "5.16.2",
        "@prisma/get-platform": "5.16.2"
      }
    },
    "node_modules/@prisma/engines-version": {
      "version": "5.16.0-24.34ace0eb2704183d2c05b60b52fba5c43c13f303",
      "resolved": "https://registry.npmjs.org/@prisma/engines-version/-/engines-version-5.16.0-24.34ace0eb2704183d2c05b60b52fba5c43c13f303.tgz",
      "integrity": "sha512-HkT2WbfmFZ9WUPyuJHhkiADxazHg8Y4gByrTSVeb3OikP6tjQ7txtSUGu9OBOBH0C13dPKN2qqH12xKtHu/Hiw==",
      "license": "Apache-2.0"
    },
    "node_modules/@prisma/engines/node_modules/@prisma/debug": {
      "version": "5.16.2",
      "resolved": "https://registry.npmjs.org/@prisma/debug/-/debug-5.16.2.tgz",
      "integrity": "sha512-ItzB4nR4O8eLzuJiuP3WwUJfoIvewMHqpGCad+64gvThcKEVOtaUza9AEJo2DPqAOa/AWkFyK54oM4WwHeew+A==",
      "license": "Apache-2.0"
    },
    "node_modules/@prisma/fetch-engine": {
      "version": "5.16.2",
      "resolved": "https://registry.npmjs.org/@prisma/fetch-engine/-/fetch-engine-5.16.2.tgz",
      "integrity": "sha512-sq51lfHKfH2jjYSjBtMjP+AznFqOJzXpqmq6B9auWrlTJrMgZ7lPyhWUW7VU7LsQU48/TJ+DZeIz8s9bMYvcHg==",
      "license": "Apache-2.0",
      "dependencies": {
        "@prisma/debug": "5.16.2",
        "@prisma/engines-version": "5.16.0-24.34ace0eb2704183d2c05b60b52fba5c43c13f303",
        "@prisma/get-platform": "5.16.2"
      }
    },
    "node_modules/@prisma/fetch-engine/node_modules/@prisma/debug": {
      "version": "5.16.2",
      "resolved": "https://registry.npmjs.org/@prisma/debug/-/debug-5.16.2.tgz",
      "integrity": "sha512-ItzB4nR4O8eLzuJiuP3WwUJfoIvewMHqpGCad+64gvThcKEVOtaUza9AEJo2DPqAOa/AWkFyK54oM4WwHeew+A==",
      "license": "Apache-2.0"
    },
    "node_modules/@prisma/get-platform": {
      "version": "5.16.2",
      "resolved": "https://registry.npmjs.org/@prisma/get-platform/-/get-platform-5.16.2.tgz",
      "integrity": "sha512-cXiHPgNLNyj22vLouPVNegklpRL/iX2jxTeap5GRO3DmCoVyIHmJAV1CgUMUJhHlcol9yYy7EHvsnXTDJ/PKEA==",
      "license": "Apache-2.0",
      "dependencies": {
        "@prisma/debug": "5.16.2"
      }
    },
    "node_modules/@prisma/get-platform/node_modules/@prisma/debug": {
      "version": "5.16.2",
      "resolved": "https://registry.npmjs.org/@prisma/debug/-/debug-5.16.2.tgz",
      "integrity": "sha512-ItzB4nR4O8eLzuJiuP3WwUJfoIvewMHqpGCad+64gvThcKEVOtaUza9AEJo2DPqAOa/AWkFyK54oM4WwHeew+A==",
      "license": "Apache-2.0"
    },
    "node_modules/@types/geojson": {
      "version": "7946.0.16",
      "resolved": "https://registry.npmjs.org/@types/geojson/-/geojson-7946.0.16.tgz",
      "integrity": "sha512-6C8nqWur3j98U6+lXDfTUWIfgvZU+EumvpHKcYjujKH7woYyLj2sUmff0tRhrqM7BohUw7Pz3ZB1jj2gW9Fvmg==",
      "license": "MIT"
    },
    "node_modules/@types/node": {
      "version": "24.12.2",
      "resolved": "https://registry.npmjs.org/@types/node/-/node-24.12.2.tgz",
      "integrity": "sha512-A1sre26ke7HDIuY/M23nd9gfB+nrmhtYyMINbjI1zHJxYteKR6qSMX56FsmjMcDb3SMcjJg5BiRRgOCC/yBD0g==",
      "license": "MIT",
      "dependencies": {
        "undici-types": "~7.16.0"
      }
    },
    "node_modules/denque": {
      "version": "2.1.0",
      "resolved": "https://registry.npmjs.org/denque/-/denque-2.1.0.tgz",
      "integrity": "sha512-HVQE3AAb/pxF8fQAoiqpvg9i3evqug3hoiwakOyZAwJm+6vZehbkYXZ0l4JxS+I3QxM97v5aaRNhj8v5oBhekw==",
      "license": "Apache-2.0",
      "engines": {
        "node": ">=0.10"
      }
    },
    "node_modules/iconv-lite": {
      "version": "0.7.2",
      "resolved": "https://registry.npmjs.org/iconv-lite/-/iconv-lite-0.7.2.tgz",
      "integrity": "sha512-im9DjEDQ55s9fL4EYzOAv0yMqmMBSZp6G0VvFyTMPKWxiSBHUj9NW/qqLmXUwXrrM7AvqSlTCfvqRb0cM8yYqw==",
      "license": "MIT",
      "dependencies": {
        "safer-buffer": ">= 2.1.2 < 3.0.0"
      },
      "engines": {
        "node": ">=0.10.0"
      },
      "funding": {
        "type": "opencollective",
        "url": "https://opencollective.com/express"
      }
    },
    "node_modules/lru-cache": {
      "version": "10.4.3",
      "resolved": "https://registry.npmjs.org/lru-cache/-/lru-cache-10.4.3.tgz",
      "integrity": "sha512-JNAzZcXrCt42VGLuYz0zfAzDfAvJWW6AfYlDBQyDV5DClI2m5sAmK+OIO7s59XfsRsWHp02jAJrRadPRGTt6SQ==",
      "license": "ISC"
    },
    "node_modules/mariadb": {
      "version": "3.5.2",
      "resolved": "https://registry.npmjs.org/mariadb/-/mariadb-3.5.2.tgz",
      "integrity": "sha512-9rztrI4nouxAY/82a+RlzzZ5ie2vxu2eYclkBvTy1ATXH1B9cnvZ0O71Pzsy/mlfDb5P3HhOg0JzQKkDRhctyA==",
      "license": "LGPL-2.1-or-later",
      "dependencies": {
        "@types/geojson": "^7946.0.16",
        "@types/node": ">=18",
        "denque": "^2.1.0",
        "iconv-lite": "^0.7.2",
        "lru-cache": "^10.4.3"
      },
      "engines": {
        "node": ">= 18"
      }
    },
    "node_modules/prisma": {
      "version": "5.16.2",
      "resolved": "https://registry.npmjs.org/prisma/-/prisma-5.16.2.tgz",
      "integrity": "sha512-rFV/xoBR2hBGGlu4LPLQd4U8WVA+tSAmYyFWGPRVfj+xg7N4kiZV4lSk38htSpF+/IuHKzlrbh4SFk8Z18cI8A==",
      "hasInstallScript": true,
      "license": "Apache-2.0",
      "dependencies": {
        "@prisma/engines": "5.16.2"
      },
      "bin": {
        "prisma": "build/index.js"
      },
      "engines": {
        "node": ">=16.13"
      }
    },
    "node_modules/safer-buffer": {
      "version": "2.1.2",
      "resolved": "https://registry.npmjs.org/safer-buffer/-/safer-buffer-2.1.2.tgz",
      "integrity": "sha512-YZo3K82SD7Riyi0E1EQPojLz7kpepnSQI9IyPbHHg1XXXevb5dJI7tpyN2ADxGcQbHG7vcyRHk0cbwqcQriUtg==",
      "license": "MIT"
    },
    "node_modules/undici-types": {
      "version": "7.16.0",
      "resolved": "https://registry.npmjs.org/undici-types/-/undici-types-7.16.0.tgz",
      "integrity": "sha512-Zz+aZWSj8LE6zoxD+xrjh4VfkIG8Ya6LvYkZqtUQGJPZjYl53ypCaUwWqo7eI0x66KBGeRo+mlBEkMSeSZ38Nw==",
      "license": "MIT"
    }
  }
}
